
Microsoft Visual Studio Solution File, Format Version 12.00
# Visual Studio Version 17
VisualStudioVersion = 17.14.36121.58 d17.14
MinimumVisualStudioVersion = 10.0.40219.1
Project("{FAE04EC0-301F-11D3-BF4B-00C04F79EFBC}") = "InnovaAI.Web", "InnovaAIProject\InnovaAI.Web.csproj", "{36479302-C5DA-4047-809B-4A144D763750}"
EndProject
Global
	GlobalSection(SolutionConfigurationPlatforms) = preSolution
		Debug|Any CPU = Debug|Any CPU
		Release|Any CPU = Release|Any CPU
	EndGlobalSection
	GlobalSection(ProjectConfigurationPlatforms) = postSolution
		{36479302-C5DA-4047-809B-4A144D763750}.Debug|Any CPU.ActiveCfg = Debug|Any CPU
		{36479302-C5DA-4047-809B-4A144D763750}.Debug|Any CPU.Build.0 = Debug|Any CPU
		{36479302-C5DA-4047-809B-4A144D763750}.Release|Any CPU.ActiveCfg = Release|Any CPU
		{36479302-C5DA-4047-809B-4A144D763750}.Release|Any CPU.Build.0 = Release|Any CPU
	EndGlobalSection
	GlobalSection(SolutionProperties) = preSolution
		HideSolutionNode = FALSE
	EndGlobalSection
	GlobalSection(ExtensibilityGlobals) = postSolution
		SolutionGuid = {83BFF5D4-0331-47AC-B1C0-57665C131FDD}
	EndGlobalSection
EndGlobal
